
Microsoft Visual Studio Solution File, Format Version 12.00
# Visual Studio Version 17
VisualStudioVersion = 17.8.34322.80
MinimumVisualStudioVersion = 10.0.40219.1
Project("{FAE04EC0-301F-11D3-BF4B-00C04F79EFBC}") = "MagicRestAPI2", "MagicRestAPI2\MagicRestAPI2.csproj", "{45BA6381-6A84-479F-9450-D634E4FB7FD8}"
EndProject
Global
	GlobalSection(SolutionConfigurationPlatforms) = preSolution
		Debug|Any CPU = Debug|Any CPU
		Release|Any CPU = Release|Any CPU
	EndGlobalSection
	GlobalSection(ProjectConfigurationPlatforms) = postSolution
		{45BA6381-6A84-479F-9450-D634E4FB7FD8}.Debug|Any CPU.ActiveCfg = Debug|Any CPU
		{45BA6381-6A84-479F-9450-D634E4FB7FD8}.Debug|Any CPU.Build.0 = Debug|Any CPU
		{45BA6381-6A84-479F-9450-D634E4FB7FD8}.Release|Any CPU.ActiveCfg = Release|Any CPU
		{45BA6381-6A84-479F-9450-D634E4FB7FD8}.Release|Any CPU.Build.0 = Release|Any CPU
	EndGlobalSection
	GlobalSection(SolutionProperties) = preSolution
		HideSolutionNode = FALSE
	EndGlobalSection
	GlobalSection(ExtensibilityGlobals) = postSolution
		SolutionGuid = {A416B9FE-C39B-4417-A82A-CCDA1C6B5A41}
	EndGlobalSection
EndGlobal
